// !$*UTF8*$!
{
	archiveVersion = 1;
	classes = {
	};
	objectVersion = 51;
	objects = {

/* Begin PBXBuildFile section */
		9A2AAAEF247A0455003951DC /* StickerView.swift in Sources */ = {isa = PBXBuildFile; fileRef = 9A2AAAEE247A0455003951DC /* StickerView.swift */; };
		9A2AAAF3247A301B003951DC /* ExportViewController.swift in Sources */ = {isa = PBXBuildFile; fileRef = 9A2AAAF2247A301B003951DC /* ExportViewController.swift */; };
		9A2AAB16247A5007003951DC /* SPAlertPreset.swift in Sources */ = {isa = PBXBuildFile; fileRef = 9A2AAAF6247A5007003951DC /* SPAlertPreset.swift */; };
		9A2AAB17247A5007003951DC /* SPAlertHaptic.swift in Sources */ = {isa = PBXBuildFile; fileRef = 9A2AAAF7247A5007003951DC /* SPAlertHaptic.swift */; };
		9A2AAB18247A5007003951DC /* SPAlertLayout.swift in Sources */ = {isa = PBXBuildFile; fileRef = 9A2AAAF8247A5007003951DC /* SPAlertLayout.swift */; };
		9A2AAB19247A5007003951DC /* SPAlertIconAnimatable.swift in Sources */ = {isa = PBXBuildFile; fileRef = 9A2AAAFA247A5007003951DC /* SPAlertIconAnimatable.swift */; };
		9A2AAB1A247A5007003951DC /* SPAlertView.swift in Sources */ = {isa = PBXBuildFile; fileRef = 9A2AAAFC247A5007003951DC /* SPAlertView.swift */; };
		9A2AAB1B247A5007003951DC /* SPAlertIconBoltView.swift in Sources */ = {isa = PBXBuildFile; fileRef = 9A2AAAFE247A5007003951DC /* SPAlertIconBoltView.swift */; };
		9A2AAB1C247A5007003951DC /* SPAlertIconEjectView.swift in Sources */ = {isa = PBXBuildFile; fileRef = 9A2AAAFF247A5007003951DC /* SPAlertIconEjectView.swift */; };
		9A2AAB1D247A5007003951DC /* SPAlertIconAddView.swift in Sources */ = {isa = PBXBuildFile; fileRef = 9A2AAB00247A5007003951DC /* SPAlertIconAddView.swift */; };
		9A2AAB1E247A5007003951DC /* SPAlertIconHeartView.swift in Sources */ = {isa = PBXBuildFile; fileRef = 9A2AAB01247A5007003951DC /* SPAlertIconHeartView.swift */; };
		9A2AAB1F247A5007003951DC /* SPAlertIconShuffleView.swift in Sources */ = {isa = PBXBuildFile; fileRef = 9A2AAB02247A5007003951DC /* SPAlertIconShuffleView.swift */; };
		9A2AAB20247A5007003951DC /* SPAlertIconSearchView.swift in Sources */ = {isa = PBXBuildFile; fileRef = 9A2AAB03247A5007003951DC /* SPAlertIconSearchView.swift */; };
		9A2AAB21247A5007003951DC /* SPAlertIconStarView.swift in Sources */ = {isa = PBXBuildFile; fileRef = 9A2AAB04247A5007003951DC /* SPAlertIconStarView.swift */; };
		9A2AAB22247A5007003951DC /* SPAlertIconCardView.swift in Sources */ = {isa = PBXBuildFile; fileRef = 9A2AAB05247A5007003951DC /* SPAlertIconCardView.swift */; };
		9A2AAB23247A5007003951DC /* SPAlertIconLikeView.swift in Sources */ = {isa = PBXBuildFile; fileRef = 9A2AAB06247A5007003951DC /* SPAlertIconLikeView.swift */; };
		9A2AAB24247A5007003951DC /* SPAlertIconErrorView.swift in Sources */ = {isa = PBXBuildFile; fileRef = 9A2AAB07247A5007003951DC /* SPAlertIconErrorView.swift */; };
		9A2AAB25247A5007003951DC /* SPAlertIconQuestionView.swift in Sources */ = {isa = PBXBuildFile; fileRef = 9A2AAB08247A5007003951DC /* SPAlertIconQuestionView.swift */; };
		9A2AAB26247A5007003951DC /* SPAlertIconExclamationView.swift in Sources */ = {isa = PBXBuildFile; fileRef = 9A2AAB09247A5007003951DC /* SPAlertIconExclamationView.swift */; };
		9A2AAB27247A5007003951DC /* SPAlertIconMessageView.swift in Sources */ = {isa = PBXBuildFile; fileRef = 9A2AAB0A247A5007003951DC /* SPAlertIconMessageView.swift */; };
		9A2AAB28247A5007003951DC /* SPAlertIconDislikeView.swift in Sources */ = {isa = PBXBuildFile; fileRef = 9A2AAB0B247A5007003951DC /* SPAlertIconDislikeView.swift */; };
		9A2AAB29247A5007003951DC /* SPAlertIconBookmarkView.swift in Sources */ = {isa = PBXBuildFile; fileRef = 9A2AAB0C247A5007003951DC /* SPAlertIconBookmarkView.swift */; };
		9A2AAB2A247A5007003951DC /* SPAlertIconFlagView.swift in Sources */ = {isa = PBXBuildFile; fileRef = 9A2AAB0D247A5007003951DC /* SPAlertIconFlagView.swift */; };
		9A2AAB2B247A5007003951DC /* SPAlertIconRotateView.swift in Sources */ = {isa = PBXBuildFile; fileRef = 9A2AAB0E247A5007003951DC /* SPAlertIconRotateView.swift */; };
		9A2AAB2C247A5007003951DC /* SPAlertIconDocView.swift in Sources */ = {isa = PBXBuildFile; fileRef = 9A2AAB0F247A5007003951DC /* SPAlertIconDocView.swift */; };
		9A2AAB2D247A5007003951DC /* SPAlertIconPrivacyView.swift in Sources */ = {isa = PBXBuildFile; fileRef = 9A2AAB10247A5007003951DC /* SPAlertIconPrivacyView.swift */; };
		9A2AAB2E247A5007003951DC /* SPAlertIconCartView.swift in Sources */ = {isa = PBXBuildFile; fileRef = 9A2AAB11247A5007003951DC /* SPAlertIconCartView.swift */; };
		9A2AAB2F247A5007003951DC /* SPAlertIconDoneView.swift in Sources */ = {isa = PBXBuildFile; fileRef = 9A2AAB12247A5007003951DC /* SPAlertIconDoneView.swift */; };
		9A2AAB30247A5007003951DC /* SPAlertIconRepeatView.swift in Sources */ = {isa = PBXBuildFile; fileRef = 9A2AAB13247A5007003951DC /* SPAlertIconRepeatView.swift */; };
		9A2AAB31247A5007003951DC /* SPAlertIconMoonView.swift in Sources */ = {isa = PBXBuildFile; fileRef = 9A2AAB14247A5007003951DC /* SPAlertIconMoonView.swift */; };
		9A2AAB32247A5007003951DC /* SPAlert.swift in Sources */ = {isa = PBXBuildFile; fileRef = 9A2AAB15247A5007003951DC /* SPAlert.swift */; };
		9A6275ED247A96190054BD51 /* PremiumViewController.swift in Sources */ = {isa = PBXBuildFile; fileRef = 9A6275EC247A96190054BD51 /* PremiumViewController.swift */; };
		9A73BB7E2473FF1000FFF8AC /* FSPagerView.swift in Sources */ = {isa = PBXBuildFile; fileRef = 9A73BB752473FF1000FFF8AC /* FSPagerView.swift */; };
		9A73BB7F2473FF1000FFF8AC /* FSPageViewTransformer.swift in Sources */ = {isa = PBXBuildFile; fileRef = 9A73BB762473FF1000FFF8AC /* FSPageViewTransformer.swift */; };
		9A73BB802473FF1000FFF8AC /* FSPagerViewCell.swift in Sources */ = {isa = PBXBuildFile; fileRef = 9A73BB782473FF1000FFF8AC /* FSPagerViewCell.swift */; };
		9A73BB812473FF1000FFF8AC /* FSPagerViewLayoutAttributes.swift in Sources */ = {isa = PBXBuildFile; fileRef = 9A73BB792473FF1000FFF8AC /* FSPagerViewLayoutAttributes.swift */; };
		9A73BB822473FF1000FFF8AC /* FSPageViewLayout.swift in Sources */ = {isa = PBXBuildFile; fileRef = 9A73BB7A2473FF1000FFF8AC /* FSPageViewLayout.swift */; };
		9A73BB832473FF1000FFF8AC /* FSPageControl.swift in Sources */ = {isa = PBXBuildFile; fileRef = 9A73BB7B2473FF1000FFF8AC /* FSPageControl.swift */; };
		9A73BB842473FF1000FFF8AC /* FSPagerViewObjcCompat.m in Sources */ = {isa = PBXBuildFile; fileRef = 9A73BB7C2473FF1000FFF8AC /* FSPagerViewObjcCompat.m */; };
		9A73BB852473FF1000FFF8AC /* FSPagerCollectionView.swift in Sources */ = {isa = PBXBuildFile; fileRef = 9A73BB7D2473FF1000FFF8AC /* FSPagerCollectionView.swift */; };
		9A73F719246AAB0C00E73966 /* AppDelegate.swift in Sources */ = {isa = PBXBuildFile; fileRef = 9A73F718246AAB0C00E73966 /* AppDelegate.swift */; };
		9A73F71B246AAB0C00E73966 /* SceneDelegate.swift in Sources */ = {isa = PBXBuildFile; fileRef = 9A73F71A246AAB0C00E73966 /* SceneDelegate.swift */; };
		9A73F720246AAB0C00E73966 /* Main.storyboard in Resources */ = {isa = PBXBuildFile; fileRef = 9A73F71E246AAB0C00E73966 /* Main.storyboard */; };
		9A73F722246AAB0E00E73966 /* Assets.xcassets in Resources */ = {isa = PBXBuildFile; fileRef = 9A73F721246AAB0E00E73966 /* Assets.xcassets */; };
		9A73F725246AAB0E00E73966 /* LaunchScreen.storyboard in Resources */ = {isa = PBXBuildFile; fileRef = 9A73F723246AAB0E00E73966 /* LaunchScreen.storyboard */; };
		9A73F72D246AB6B800E73966 /* MainTabbarViewController.swift in Sources */ = {isa = PBXBuildFile; fileRef = 9A73F72C246AB6B800E73966 /* MainTabbarViewController.swift */; };
		9A73F72F246B976800E73966 /* FavoriteViewController.swift in Sources */ = {isa = PBXBuildFile; fileRef = 9A73F72E246B976800E73966 /* FavoriteViewController.swift */; };
		9A73F731246B979900E73966 /* CategoryViewController.swift in Sources */ = {isa = PBXBuildFile; fileRef = 9A73F730246B979900E73966 /* CategoryViewController.swift */; };
		9A73F733246B97AE00E73966 /* SettingViewController.swift in Sources */ = {isa = PBXBuildFile; fileRef = 9A73F732246B97AE00E73966 /* SettingViewController.swift */; };
		9A73F737246BCA0000E73966 /* UIView+Extension.swift in Sources */ = {isa = PBXBuildFile; fileRef = 9A73F735246BCA0000E73966 /* UIView+Extension.swift */; };
		9A73F738246BCA0000E73966 /* StoryboardInstantiable.swift in Sources */ = {isa = PBXBuildFile; fileRef = 9A73F736246BCA0000E73966 /* StoryboardInstantiable.swift */; };
		9A73F741246C396900E73966 /* Setting.storyboard in Resources */ = {isa = PBXBuildFile; fileRef = 9A73F740246C396900E73966 /* Setting.storyboard */; };
		9A73F743246C397500E73966 /* Category.storyboard in Resources */ = {isa = PBXBuildFile; fileRef = 9A73F742246C397500E73966 /* Category.storyboard */; };
		9A73F745246C397F00E73966 /* Favorite.storyboard in Resources */ = {isa = PBXBuildFile; fileRef = 9A73F744246C397F00E73966 /* Favorite.storyboard */; };
		9A8DFFF52478D87100A0364C /* BlurView.swift in Sources */ = {isa = PBXBuildFile; fileRef = 9A8DFFF42478D87100A0364C /* BlurView.swift */; };
		9A8DFFF72478D88000A0364C /* BlurView.xib in Resources */ = {isa = PBXBuildFile; fileRef = 9A8DFFF62478D88000A0364C /* BlurView.xib */; };
		9A9296C0246C49E800C410BB /* PTBarButton.swift in Sources */ = {isa = PBXBuildFile; fileRef = 9A9296B5246C49E800C410BB /* PTBarButton.swift */; };
		9A9296C1246C49E800C410BB /* PTIndicatorView.swift in Sources */ = {isa = PBXBuildFile; fileRef = 9A9296B6246C49E800C410BB /* PTIndicatorView.swift */; };
		9A9296C3246C49E800C410BB /* PTCardTabBar.swift in Sources */ = {isa = PBXBuildFile; fileRef = 9A9296B8246C49E800C410BB /* PTCardTabBar.swift */; };
		9A9296C4246C49E800C410BB /* UIColor+Additions.swift in Sources */ = {isa = PBXBuildFile; fileRef = 9A9296BA246C49E800C410BB /* UIColor+Additions.swift */; };
		9A9296C5246C49E800C410BB /* UIView+AutoLayout.swift in Sources */ = {isa = PBXBuildFile; fileRef = 9A9296BB246C49E800C410BB /* UIView+AutoLayout.swift */; };
		9A9296C6246C49E800C410BB /* CGPoint+Distance.swift in Sources */ = {isa = PBXBuildFile; fileRef = 9A9296BC246C49E800C410BB /* CGPoint+Distance.swift */; };
		9A9296C7246C49E800C410BB /* PTCardTabBarController.swift in Sources */ = {isa = PBXBuildFile; fileRef = 9A9296BD246C49E800C410BB /* PTCardTabBarController.swift */; };
		9A9296D2246C58D000C410BB /* WatchCell.swift in Sources */ = {isa = PBXBuildFile; fileRef = 9A9296D1246C58D000C410BB /* WatchCell.swift */; };
		9A9296D4246C590100C410BB /* WatchCell.xib in Resources */ = {isa = PBXBuildFile; fileRef = 9A9296D3246C590100C410BB /* WatchCell.xib */; };
		9AA67A7E24753A12005AF4E8 /* PreviewViewController.swift in Sources */ = {isa = PBXBuildFile; fileRef = 9AA67A7D24753A12005AF4E8 /* PreviewViewController.swift */; };
		9AA67A8024753A20005AF4E8 /* Preview.storyboard in Resources */ = {isa = PBXBuildFile; fileRef = 9AA67A7F24753A20005AF4E8 /* Preview.storyboard */; };
		9AC39522246D8EF00010CE65 /* PreviewWatch.swift in Sources */ = {isa = PBXBuildFile; fileRef = 9AC39521246D8EF00010CE65 /* PreviewWatch.swift */; };
		9AC39524246D8F060010CE65 /* PreviewWatch.xib in Resources */ = {isa = PBXBuildFile; fileRef = 9AC39523246D8F060010CE65 /* PreviewWatch.xib */; };
		9AC39526246DA3360010CE65 /* GridWallpaper.swift in Sources */ = {isa = PBXBuildFile; fileRef = 9AC39525246DA3360010CE65 /* GridWallpaper.swift */; };
		9AC39528246DA34B0010CE65 /* GridWallpaper.xib in Resources */ = {isa = PBXBuildFile; fileRef = 9AC39527246DA34B0010CE65 /* GridWallpaper.xib */; };
		9AC3952B246DAC090010CE65 /* WallpaperCollectionViewCell.xib in Resources */ = {isa = PBXBuildFile; fileRef = 9AC3952A246DAC090010CE65 /* WallpaperCollectionViewCell.xib */; };
		9AC3952D246DAC320010CE65 /* WallpaperCollectionViewCell.swift in Sources */ = {isa = PBXBuildFile; fileRef = 9AC3952C246DAC320010CE65 /* WallpaperCollectionViewCell.swift */; };
		9AC39530246DB7410010CE65 /* UnderTopView.xib in Resources */ = {isa = PBXBuildFile; fileRef = 9AC3952F246DB7410010CE65 /* UnderTopView.xib */; };
		9AC39532246DB7560010CE65 /* UnderTopView.swift in Sources */ = {isa = PBXBuildFile; fileRef = 9AC39531246DB7560010CE65 /* UnderTopView.swift */; };
		9AC3953524713F770010CE65 /* ListWatchView.swift in Sources */ = {isa = PBXBuildFile; fileRef = 9AC3953424713F770010CE65 /* ListWatchView.swift */; };
		9AC39539247265720010CE65 /* CategoryCollectionViewCell.swift in Sources */ = {isa = PBXBuildFile; fileRef = 9AC39538247265720010CE65 /* CategoryCollectionViewCell.swift */; };
		9AC3953B24727DA20010CE65 /* CategoryModel.swift in Sources */ = {isa = PBXBuildFile; fileRef = 9AC3953A24727DA10010CE65 /* CategoryModel.swift */; };
		9AC3953E24727EC80010CE65 /* NetworkManager.swift in Sources */ = {isa = PBXBuildFile; fileRef = 9AC3953D24727EC80010CE65 /* NetworkManager.swift */; };
		9AC3954024727FEA0010CE65 /* Constants.swift in Sources */ = {isa = PBXBuildFile; fileRef = 9AC3953F24727FEA0010CE65 /* Constants.swift */; };
		9AC395442472A09E0010CE65 /* LoadingOverlay.swift in Sources */ = {isa = PBXBuildFile; fileRef = 9AC395432472A09E0010CE65 /* LoadingOverlay.swift */; };
		9AD27CD8247932F70027C315 /* VisualEffectView.swift in Sources */ = {isa = PBXBuildFile; fileRef = 9AD27CD7247932F70027C315 /* VisualEffectView.swift */; };
		9AD27CDA24794D430027C315 /* ListStickerView.swift in Sources */ = {isa = PBXBuildFile; fileRef = 9AD27CD924794D430027C315 /* ListStickerView.swift */; };
		9AD27CDC24794D540027C315 /* ListStickerView.xib in Resources */ = {isa = PBXBuildFile; fileRef = 9AD27CDB24794D540027C315 /* ListStickerView.xib */; };
		9AD27CDF247987A50027C315 /* StickerCollectionViewCell.swift in Sources */ = {isa = PBXBuildFile; fileRef = 9AD27CDD247987A50027C315 /* StickerCollectionViewCell.swift */; };
		9AD27CE0247987A50027C315 /* StickerCollectionViewCell.xib in Resources */ = {isa = PBXBuildFile; fileRef = 9AD27CDE247987A50027C315 /* StickerCollectionViewCell.xib */; };
		9AEECB01247D79A600E5A254 /* StoreKit.framework in Frameworks */ = {isa = PBXBuildFile; fileRef = 9AEECB00247D79A600E5A254 /* StoreKit.framework */; };
		9AEECB03247D879700E5A254 /* IAPHelper.swift in Sources */ = {isa = PBXBuildFile; fileRef = 9AEECB02247D879700E5A254 /* IAPHelper.swift */; };
		C45A7E8EAC4318726C557C23 /* Pods_WatchFaces.framework in Frameworks */ = {isa = PBXBuildFile; fileRef = 810E1C32C28E1CA66AFDF920 /* Pods_WatchFaces.framework */; };
/* End PBXBuildFile section */

/* Begin PBXFileReference section */
		26F36CD2E18E3FCFA5475318 /* Pods-WatchFaces.release.xcconfig */ = {isa = PBXFileReference; includeInIndex = 1; lastKnownFileType = text.xcconfig; name = "Pods-WatchFaces.release.xcconfig"; path = "Target Support Files/Pods-WatchFaces/Pods-WatchFaces.release.xcconfig"; sourceTree = "<group>"; };
		5E111E5302CE034CF7C9ABDC /* Pods-WatchFaces.debug.xcconfig */ = {isa = PBXFileReference; includeInIndex = 1; lastKnownFileType = text.xcconfig; name = "Pods-WatchFaces.debug.xcconfig"; path = "Target Support Files/Pods-WatchFaces/Pods-WatchFaces.debug.xcconfig"; sourceTree = "<group>"; };
		810E1C32C28E1CA66AFDF920 /* Pods_WatchFaces.framework */ = {isa = PBXFileReference; explicitFileType = wrapper.framework; includeInIndex = 0; path = Pods_WatchFaces.framework; sourceTree = BUILT_PRODUCTS_DIR; };
		9A2AAAEE247A0455003951DC /* StickerView.swift */ = {isa = PBXFileReference; lastKnownFileType = sourcecode.swift; path = StickerView.swift; sourceTree = "<group>"; };
		9A2AAAF2247A301B003951DC /* ExportViewController.swift */ = {isa = PBXFileReference; lastKnownFileType = sourcecode.swift; path = ExportViewController.swift; sourceTree = "<group>"; };
		9A2AAAF6247A5007003951DC /* SPAlertPreset.swift */ = {isa = PBXFileReference; fileEncoding = 4; lastKnownFileType = sourcecode.swift; path = SPAlertPreset.swift; sourceTree = "<group>"; };
		9A2AAAF7247A5007003951DC /* SPAlertHaptic.swift */ = {isa = PBXFileReference; fileEncoding = 4; lastKnownFileType = sourcecode.swift; path = SPAlertHaptic.swift; sourceTree = "<group>"; };
		9A2AAAF8247A5007003951DC /* SPAlertLayout.swift */ = {isa = PBXFileReference; fileEncoding = 4; lastKnownFileType = sourcecode.swift; path = SPAlertLayout.swift; sourceTree = "<group>"; };
		9A2AAAFA247A5007003951DC /* SPAlertIconAnimatable.swift */ = {isa = PBXFileReference; fileEncoding = 4; lastKnownFileType = sourcecode.swift; path = SPAlertIconAnimatable.swift; sourceTree = "<group>"; };
		9A2AAAFC247A5007003951DC /* SPAlertView.swift */ = {isa = PBXFileReference; fileEncoding = 4; lastKnownFileType = sourcecode.swift; path = SPAlertView.swift; sourceTree = "<group>"; };
		9A2AAAFE247A5007003951DC /* SPAlertIconBoltView.swift */ = {isa = PBXFileReference; fileEncoding = 4; lastKnownFileType = sourcecode.swift; path = SPAlertIconBoltView.swift; sourceTree = "<group>"; };
		9A2AAAFF247A5007003951DC /* SPAlertIconEjectView.swift */ = {isa = PBXFileReference; fileEncoding = 4; lastKnownFileType = sourcecode.swift; path = SPAlertIconEjectView.swift; sourceTree = "<group>"; };
		9A2AAB00247A5007003951DC /* SPAlertIconAddView.swift */ = {isa = PBXFileReference; fileEncoding = 4; lastKnownFileType = sourcecode.swift; path = SPAlertIconAddView.swift; sourceTree = "<group>"; };
		9A2AAB01247A5007003951DC /* SPAlertIconHeartView.swift */ = {isa = PBXFileReference; fileEncoding = 4; lastKnownFileType = sourcecode.swift; path = SPAlertIconHeartView.swift; sourceTree = "<group>"; };
		9A2AAB02247A5007003951DC /* SPAlertIconShuffleView.swift */ = {isa = PBXFileReference; fileEncoding = 4; lastKnownFileType = sourcecode.swift; path = SPAlertIconShuffleView.swift; sourceTree = "<group>"; };
		9A2AAB03247A5007003951DC /* SPAlertIconSearchView.swift */ = {isa = PBXFileReference; fileEncoding = 4; lastKnownFileType = sourcecode.swift; path = SPAlertIconSearchView.swift; sourceTree = "<group>"; };
		9A2AAB04247A5007003951DC /* SPAlertIconStarView.swift */ = {isa = PBXFileReference; fileEncoding = 4; lastKnownFileType = sourcecode.swift; path = SPAlertIconStarView.swift; sourceTree = "<group>"; };
		9A2AAB05247A5007003951DC /* SPAlertIconCardView.swift */ = {isa = PBXFileReference; fileEncoding = 4; lastKnownFileType = sourcecode.swift; path = SPAlertIconCardView.swift; sourceTree = "<group>"; };
		9A2AAB06247A5007003951DC /* SPAlertIconLikeView.swift */ = {isa = PBXFileReference; fileEncoding = 4; lastKnownFileType = sourcecode.swift; path = SPAlertIconLikeView.swift; sourceTree = "<group>"; };
		9A2AAB07247A5007003951DC /* SPAlertIconErrorView.swift */ = {isa = PBXFileReference; fileEncoding = 4; lastKnownFileType = sourcecode.swift; path = SPAlertIconErrorView.swift; sourceTree = "<group>"; };
		9A2AAB08247A5007003951DC /* SPAlertIconQuestionView.swift */ = {isa = PBXFileReference; fileEncoding = 4; lastKnownFileType = sourcecode.swift; path = SPAlertIconQuestionView.swift; sourceTree = "<group>"; };
		9A2AAB09247A5007003951DC /* SPAlertIconExclamationView.swift */ = {isa = PBXFileReference; fileEncoding = 4; lastKnownFileType = sourcecode.swift; path = SPAlertIconExclamationView.swift; sourceTree = "<group>"; };
		9A2AAB0A247A5007003951DC /* SPAlertIconMessageView.swift */ = {isa = PBXFileReference; fileEncoding = 4; lastKnownFileType = sourcecode.swift; path = SPAlertIconMessageView.swift; sourceTree = "<group>"; };
		9A2AAB0B247A5007003951DC /* SPAlertIconDislikeView.swift */ = {isa = PBXFileReference; fileEncoding = 4; lastKnownFileType = sourcecode.swift; path = SPAlertIconDislikeView.swift; sourceTree = "<group>"; };
		9A2AAB0C247A5007003951DC /* SPAlertIconBookmarkView.swift */ = {isa = PBXFileReference; fileEncoding = 4; lastKnownFileType = sourcecode.swift; path = SPAlertIconBookmarkView.swift; sourceTree = "<group>"; };
		9A2AAB0D247A5007003951DC /* SPAlertIconFlagView.swift */ = {isa = PBXFileReference; fileEncoding = 4; lastKnownFileType = sourcecode.swift; path = SPAlertIconFlagView.swift; sourceTree = "<group>"; };
		9A2AAB0E247A5007003951DC /* SPAlertIconRotateView.swift */ = {isa = PBXFileReference; fileEncoding = 4; lastKnownFileType = sourcecode.swift; path = SPAlertIconRotateView.swift; sourceTree = "<group>"; };
		9A2AAB0F247A5007003951DC /* SPAlertIconDocView.swift */ = {isa = PBXFileReference; fileEncoding = 4; lastKnownFileType = sourcecode.swift; path = SPAlertIconDocView.swift; sourceTree = "<group>"; };
		9A2AAB10247A5007003951DC /* SPAlertIconPrivacyView.swift */ = {isa = PBXFileReference; fileEncoding = 4; lastKnownFileType = sourcecode.swift; path = SPAlertIconPrivacyView.swift; sourceTree = "<group>"; };
		9A2AAB11247A5007003951DC /* SPAlertIconCartView.swift */ = {isa = PBXFileReference; fileEncoding = 4; lastKnownFileType = sourcecode.swift; path = SPAlertIconCartView.swift; sourceTree = "<group>"; };
		9A2AAB12247A5007003951DC /* SPAlertIconDoneView.swift */ = {isa = PBXFileReference; fileEncoding = 4; lastKnownFileType = sourcecode.swift; path = SPAlertIconDoneView.swift; sourceTree = "<group>"; };
		9A2AAB13247A5007003951DC /* SPAlertIconRepeatView.swift */ = {isa = PBXFileReference; fileEncoding = 4; lastKnownFileType = sourcecode.swift; path = SPAlertIconRepeatView.swift; sourceTree = "<group>"; };
		9A2AAB14247A5007003951DC /* SPAlertIconMoonView.swift */ = {isa = PBXFileReference; fileEncoding = 4; lastKnownFileType = sourcecode.swift; path = SPAlertIconMoonView.swift; sourceTree = "<group>"; };
		9A2AAB15247A5007003951DC /* SPAlert.swift */ = {isa = PBXFileReference; fileEncoding = 4; lastKnownFileType = sourcecode.swift; path = SPAlert.swift; sourceTree = "<group>"; };
		9A6275EC247A96190054BD51 /* PremiumViewController.swift */ = {isa = PBXFileReference; lastKnownFileType = sourcecode.swift; path = PremiumViewController.swift; sourceTree = "<group>"; };
		9A73BB752473FF1000FFF8AC /* FSPagerView.swift */ = {isa = PBXFileReference; fileEncoding = 4; lastKnownFileType = sourcecode.swift; path = FSPagerView.swift; sourceTree = "<group>"; };
		9A73BB762473FF1000FFF8AC /* FSPageViewTransformer.swift */ = {isa = PBXFileReference; fileEncoding = 4; lastKnownFileType = sourcecode.swift; path = FSPageViewTransformer.swift; sourceTree = "<group>"; };
		9A73BB772473FF1000FFF8AC /* FSPagerViewObjcCompat.h */ = {isa = PBXFileReference; fileEncoding = 4; lastKnownFileType = sourcecode.c.h; path = FSPagerViewObjcCompat.h; sourceTree = "<group>"; };
		9A73BB782473FF1000FFF8AC /* FSPagerViewCell.swift */ = {isa = PBXFileReference; fileEncoding = 4; lastKnownFileType = sourcecode.swift; path = FSPagerViewCell.swift; sourceTree = "<group>"; };
		9A73BB792473FF1000FFF8AC /* FSPagerViewLayoutAttributes.swift */ = {isa = PBXFileReference; fileEncoding = 4; lastKnownFileType = sourcecode.swift; path = FSPagerViewLayoutAttributes.swift; sourceTree = "<group>"; };
		9A73BB7A2473FF1000FFF8AC /* FSPageViewLayout.swift */ = {isa = PBXFileReference; fileEncoding = 4; lastKnownFileType = sourcecode.swift; path = FSPageViewLayout.swift; sourceTree = "<group>"; };
		9A73BB7B2473FF1000FFF8AC /* FSPageControl.swift */ = {isa = PBXFileReference; fileEncoding = 4; lastKnownFileType = sourcecode.swift; path = FSPageControl.swift; sourceTree = "<group>"; };
		9A73BB7C2473FF1000FFF8AC /* FSPagerViewObjcCompat.m */ = {isa = PBXFileReference; fileEncoding = 4; lastKnownFileType = sourcecode.c.objc; path = FSPagerViewObjcCompat.m; sourceTree = "<group>"; };
		9A73BB7D2473FF1000FFF8AC /* FSPagerCollectionView.swift */ = {isa = PBXFileReference; fileEncoding = 4; lastKnownFileType = sourcecode.swift; path = FSPagerCollectionView.swift; sourceTree = "<group>"; };
		9A73F715246AAB0C00E73966 /* Watch Face.app */ = {isa = PBXFileReference; explicitFileType = wrapper.application; includeInIndex = 0; path = "Watch Face.app"; sourceTree = BUILT_PRODUCTS_DIR; };
		9A73F718246AAB0C00E73966 /* AppDelegate.swift */ = {isa = PBXFileReference; lastKnownFileType = sourcecode.swift; path = AppDelegate.swift; sourceTree = "<group>"; };
		9A73F71A246AAB0C00E73966 /* SceneDelegate.swift */ = {isa = PBXFileReference; lastKnownFileType = sourcecode.swift; path = SceneDelegate.swift; sourceTree = "<group>"; };
		9A73F71F246AAB0C00E73966 /* Base */ = {isa = PBXFileReference; lastKnownFileType = file.storyboard; name = Base; path = Base.lproj/Main.storyboard; sourceTree = "<group>"; };
		9A73F721246AAB0E00E73966 /* Assets.xcassets */ = {isa = PBXFileReference; lastKnownFileType = folder.assetcatalog; path = Assets.xcassets; sourceTree = "<group>"; };
		9A73F724246AAB0E00E73966 /* Base */ = {isa = PBXFileReference; lastKnownFileType = file.storyboard; name = Base; path = Base.lproj/LaunchScreen.storyboard; sourceTree = "<group>"; };
		9A73F726246AAB0E00E73966 /* Info.plist */ = {isa = PBXFileReference; lastKnownFileType = text.plist.xml; path = Info.plist; sourceTree = "<group>"; };
		9A73F72C246AB6B800E73966 /* MainTabbarViewController.swift */ = {isa = PBXFileReference; lastKnownFileType = sourcecode.swift; path = MainTabbarViewController.swift; sourceTree = "<group>"; };
		9A73F72E246B976800E73966 /* FavoriteViewController.swift */ = {isa = PBXFileReference; lastKnownFileType = sourcecode.swift; path = FavoriteViewController.swift; sourceTree = "<group>"; };
		9A73F730246B979900E73966 /* CategoryViewController.swift */ = {isa = PBXFileReference; lastKnownFileType = sourcecode.swift; path = CategoryViewController.swift; sourceTree = "<group>"; };
		9A73F732246B97AE00E73966 /* SettingViewController.swift */ = {isa = PBXFileReference; lastKnownFileType = sourcecode.swift; path = SettingViewController.swift; sourceTree = "<group>"; };
		9A73F735246BCA0000E73966 /* UIView+Extension.swift */ = {isa = PBXFileReference; fileEncoding = 4; lastKnownFileType = sourcecode.swift; path = "UIView+Extension.swift"; sourceTree = "<group>"; };
		9A73F736246BCA0000E73966 /* StoryboardInstantiable.swift */ = {isa = PBXFileReference; fileEncoding = 4; lastKnownFileType = sourcecode.swift; path = StoryboardInstantiable.swift; sourceTree = "<group>"; };
		9A73F740246C396900E73966 /* Setting.storyboard */ = {isa = PBXFileReference; lastKnownFileType = file.storyboard; path = Setting.storyboard; sourceTree = "<group>"; };
		9A73F742246C397500E73966 /* Category.storyboard */ = {isa = PBXFileReference; lastKnownFileType = file.storyboard; path = Category.storyboard; sourceTree = "<group>"; };
		9A73F744246C397F00E73966 /* Favorite.storyboard */ = {isa = PBXFileReference; lastKnownFileType = file.storyboard; path = Favorite.storyboard; sourceTree = "<group>"; };
		9A8DFFF42478D87100A0364C /* BlurView.swift */ = {isa = PBXFileReference; lastKnownFileType = sourcecode.swift; path = BlurView.swift; sourceTree = "<group>"; };
		9A8DFFF62478D88000A0364C /* BlurView.xib */ = {isa = PBXFileReference; lastKnownFileType = file.xib; path = BlurView.xib; sourceTree = "<group>"; };
		9A9296B5246C49E800C410BB /* PTBarButton.swift */ = {isa = PBXFileReference; fileEncoding = 4; lastKnownFileType = sourcecode.swift; path = PTBarButton.swift; sourceTree = "<group>"; };
		9A9296B6246C49E800C410BB /* PTIndicatorView.swift */ = {isa = PBXFileReference; fileEncoding = 4; lastKnownFileType = sourcecode.swift; path = PTIndicatorView.swift; sourceTree = "<group>"; };
		9A9296B8246C49E800C410BB /* PTCardTabBar.swift */ = {isa = PBXFileReference; fileEncoding = 4; lastKnownFileType = sourcecode.swift; path = PTCardTabBar.swift; sourceTree = "<group>"; };
		9A9296BA246C49E800C410BB /* UIColor+Additions.swift */ = {isa = PBXFileReference; fileEncoding = 4; lastKnownFileType = sourcecode.swift; path = "UIColor+Additions.swift"; sourceTree = "<group>"; };
		9A9296BB246C49E800C410BB /* UIView+AutoLayout.swift */ = {isa = PBXFileReference; fileEncoding = 4; lastKnownFileType = sourcecode.swift; path = "UIView+AutoLayout.swift"; sourceTree = "<group>"; };
		9A9296BC246C49E800C410BB /* CGPoint+Distance.swift */ = {isa = PBXFileReference; fileEncoding = 4; lastKnownFileType = sourcecode.swift; path = "CGPoint+Distance.swift"; sourceTree = "<group>"; };
		9A9296BD246C49E800C410BB /* PTCardTabBarController.swift */ = {isa = PBXFileReference; fileEncoding = 4; lastKnownFileType = sourcecode.swift; path = PTCardTabBarController.swift; sourceTree = "<group>"; };
		9A9296D1246C58D000C410BB /* WatchCell.swift */ = {isa = PBXFileReference; lastKnownFileType = sourcecode.swift; path = WatchCell.swift; sourceTree = "<group>"; };
		9A9296D3246C590100C410BB /* WatchCell.xib */ = {isa = PBXFileReference; lastKnownFileType = file.xib; path = WatchCell.xib; sourceTree = "<group>"; };
		9AA67A7D24753A12005AF4E8 /* PreviewViewController.swift */ = {isa = PBXFileReference; lastKnownFileType = sourcecode.swift; path = PreviewViewController.swift; sourceTree = "<group>"; };
		9AA67A7F24753A20005AF4E8 /* Preview.storyboard */ = {isa = PBXFileReference; lastKnownFileType = file.storyboard; path = Preview.storyboard; sourceTree = "<group>"; };
		9AC39521246D8EF00010CE65 /* PreviewWatch.swift */ = {isa = PBXFileReference; lastKnownFileType = sourcecode.swift; path = PreviewWatch.swift; sourceTree = "<group>"; };
		9AC39523246D8F060010CE65 /* PreviewWatch.xib */ = {isa = PBXFileReference; lastKnownFileType = file.xib; path = PreviewWatch.xib; sourceTree = "<group>"; };
		9AC39525246DA3360010CE65 /* GridWallpaper.swift */ = {isa = PBXFileReference; lastKnownFileType = sourcecode.swift; path = GridWallpaper.swift; sourceTree = "<group>"; };
		9AC39527246DA34B0010CE65 /* GridWallpaper.xib */ = {isa = PBXFileReference; lastKnownFileType = file.xib; path = GridWallpaper.xib; sourceTree = "<group>"; };
		9AC3952A246DAC090010CE65 /* WallpaperCollectionViewCell.xib */ = {isa = PBXFileReference; lastKnownFileType = file.xib; path = WallpaperCollectionViewCell.xib; sourceTree = "<group>"; };
		9AC3952C246DAC320010CE65 /* WallpaperCollectionViewCell.swift */ = {isa = PBXFileReference; lastKnownFileType = sourcecode.swift; path = WallpaperCollectionViewCell.swift; sourceTree = "<group>"; };
		9AC3952F246DB7410010CE65 /* UnderTopView.xib */ = {isa = PBXFileReference; lastKnownFileType = file.xib; path = UnderTopView.xib; sourceTree = "<group>"; };
		9AC39531246DB7560010CE65 /* UnderTopView.swift */ = {isa = PBXFileReference; lastKnownFileType = sourcecode.swift; path = UnderTopView.swift; sourceTree = "<group>"; };
		9AC3953424713F770010CE65 /* ListWatchView.swift */ = {isa = PBXFileReference; lastKnownFileType = sourcecode.swift; path = ListWatchView.swift; sourceTree = "<group>"; };
		9AC39538247265720010CE65 /* CategoryCollectionViewCell.swift */ = {isa = PBXFileReference; lastKnownFileType = sourcecode.swift; path = CategoryCollectionViewCell.swift; sourceTree = "<group>"; };
		9AC3953A24727DA10010CE65 /* CategoryModel.swift */ = {isa = PBXFileReference; lastKnownFileType = sourcecode.swift; path = CategoryModel.swift; sourceTree = "<group>"; };
		9AC3953D24727EC80010CE65 /* NetworkManager.swift */ = {isa = PBXFileReference; lastKnownFileType = sourcecode.swift; path = NetworkManager.swift; sourceTree = "<group>"; };
		9AC3953F24727FEA0010CE65 /* Constants.swift */ = {isa = PBXFileReference; fileEncoding = 4; lastKnownFileType = sourcecode.swift; path = Constants.swift; sourceTree = "<group>"; };
		9AC395432472A09E0010CE65 /* LoadingOverlay.swift */ = {isa = PBXFileReference; lastKnownFileType = sourcecode.swift; path = LoadingOverlay.swift; sourceTree = "<group>"; };
		9AD27CD7247932F70027C315 /* VisualEffectView.swift */ = {isa = PBXFileReference; lastKnownFileType = sourcecode.swift; path = VisualEffectView.swift; sourceTree = "<group>"; };
		9AD27CD924794D430027C315 /* ListStickerView.swift */ = {isa = PBXFileReference; lastKnownFileType = sourcecode.swift; path = ListStickerView.swift; sourceTree = "<group>"; };
		9AD27CDB24794D540027C315 /* ListStickerView.xib */ = {isa = PBXFileReference; lastKnownFileType = file.xib; path = ListStickerView.xib; sourceTree = "<group>"; };
		9AD27CDD247987A50027C315 /* StickerCollectionViewCell.swift */ = {isa = PBXFileReference; lastKnownFileType = sourcecode.swift; path = StickerCollectionViewCell.swift; sourceTree = "<group>"; };
		9AD27CDE247987A50027C315 /* StickerCollectionViewCell.xib */ = {isa = PBXFileReference; lastKnownFileType = file.xib; path = StickerCollectionViewCell.xib; sourceTree = "<group>"; };
		9AEECB00247D79A600E5A254 /* StoreKit.framework */ = {isa = PBXFileReference; lastKnownFileType = wrapper.framework; name = StoreKit.framework; path = System/Library/Frameworks/StoreKit.framework; sourceTree = SDKROOT; };
		9AEECB02247D879700E5A254 /* IAPHelper.swift */ = {isa = PBXFileReference; fileEncoding = 4; lastKnownFileType = sourcecode.swift; path = IAPHelper.swift; sourceTree = "<group>"; };
/* End PBXFileReference section */

/* Begin PBXFrameworksBuildPhase section */
		9A73F712246AAB0C00E73966 /* Frameworks */ = {
			isa = PBXFrameworksBuildPhase;
			buildActionMask = 2147483647;
			files = (
				C45A7E8EAC4318726C557C23 /* Pods_WatchFaces.framework in Frameworks */,
				9AEECB01247D79A600E5A254 /* StoreKit.framework in Frameworks */,
			);
			runOnlyForDeploymentPostprocessing = 0;
		};
/* End PBXFrameworksBuildPhase section */

/* Begin PBXGroup section */
		735823FEAFE8BC2F25BB72AD /* Pods */ = {
			isa = PBXGroup;
			children = (
				5E111E5302CE034CF7C9ABDC /* Pods-WatchFaces.debug.xcconfig */,
				26F36CD2E18E3FCFA5475318 /* Pods-WatchFaces.release.xcconfig */,
			);
			path = Pods;
			sourceTree = "<group>";
		};
		9A2AAAF4247A5007003951DC /* SPAlert */ = {
			isa = PBXGroup;
			children = (
				9A2AAAF5247A5007003951DC /* Models */,
				9A2AAAF9247A5007003951DC /* Protocol */,
				9A2AAAFB247A5007003951DC /* Views */,
				9A2AAB15247A5007003951DC /* SPAlert.swift */,
			);
			path = SPAlert;
			sourceTree = "<group>";
		};
		9A2AAAF5247A5007003951DC /* Models */ = {
			isa = PBXGroup;
			children = (
				9A2AAAF6247A5007003951DC /* SPAlertPreset.swift */,
				9A2AAAF7247A5007003951DC /* SPAlertHaptic.swift */,
				9A2AAAF8247A5007003951DC /* SPAlertLayout.swift */,
			);
			path = Models;
			sourceTree = "<group>";
		};
		9A2AAAF9247A5007003951DC /* Protocol */ = {
			isa = PBXGroup;
			children = (
				9A2AAAFA247A5007003951DC /* SPAlertIconAnimatable.swift */,
			);
			path = Protocol;
			sourceTree = "<group>";
		};
		9A2AAAFB247A5007003951DC /* Views */ = {
			isa = PBXGroup;
			children = (
				9A2AAAFC247A5007003951DC /* SPAlertView.swift */,
				9A2AAAFD247A5007003951DC /* Icons */,
			);
			path = Views;
			sourceTree = "<group>";
		};
		9A2AAAFD247A5007003951DC /* Icons */ = {
			isa = PBXGroup;
			children = (
				9A2AAAFE247A5007003951DC /* SPAlertIconBoltView.swift */,
				9A2AAAFF247A5007003951DC /* SPAlertIconEjectView.swift */,
				9A2AAB00247A5007003951DC /* SPAlertIconAddView.swift */,
				9A2AAB01247A5007003951DC /* SPAlertIconHeartView.swift */,
				9A2AAB02247A5007003951DC /* SPAlertIconShuffleView.swift */,
				9A2AAB03247A5007003951DC /* SPAlertIconSearchView.swift */,
				9A2AAB04247A5007003951DC /* SPAlertIconStarView.swift */,
				9A2AAB05247A5007003951DC /* SPAlertIconCardView.swift */,
				9A2AAB06247A5007003951DC /* SPAlertIconLikeView.swift */,
				9A2AAB07247A5007003951DC /* SPAlertIconErrorView.swift */,
				9A2AAB08247A5007003951DC /* SPAlertIconQuestionView.swift */,
				9A2AAB09247A5007003951DC /* SPAlertIconExclamationView.swift */,
				9A2AAB0A247A5007003951DC /* SPAlertIconMessageView.swift */,
				9A2AAB0B247A5007003951DC /* SPAlertIconDislikeView.swift */,
				9A2AAB0C247A5007003951DC /* SPAlertIconBookmarkView.swift */,
				9A2AAB0D247A5007003951DC /* SPAlertIconFlagView.swift */,
				9A2AAB0E247A5007003951DC /* SPAlertIconRotateView.swift */,
				9A2AAB0F247A5007003951DC /* SPAlertIconDocView.swift */,
				9A2AAB10247A5007003951DC /* SPAlertIconPrivacyView.swift */,
				9A2AAB11247A5007003951DC /* SPAlertIconCartView.swift */,
				9A2AAB12247A5007003951DC /* SPAlertIconDoneView.swift */,
				9A2AAB13247A5007003951DC /* SPAlertIconRepeatView.swift */,
				9A2AAB14247A5007003951DC /* SPAlertIconMoonView.swift */,
			);
			path = Icons;
			sourceTree = "<group>";
		};
		9A73BB722473FEF400FFF8AC /* Library */ = {
			isa = PBXGroup;
			children = (
				9A2AAAF4247A5007003951DC /* SPAlert */,
				9A73BB742473FF1000FFF8AC /* FSPagerView */,
				9A9296B3246C49E800C410BB /* PTCardTabBar */,
			);
			path = Library;
			sourceTree = "<group>";
		};
		9A73BB742473FF1000FFF8AC /* FSPagerView */ = {
			isa = PBXGroup;
			children = (
				9A73BB752473FF1000FFF8AC /* FSPagerView.swift */,
				9A73BB762473FF1000FFF8AC /* FSPageViewTransformer.swift */,
				9A73BB772473FF1000FFF8AC /* FSPagerViewObjcCompat.h */,
				9A73BB782473FF1000FFF8AC /* FSPagerViewCell.swift */,
				9A73BB792473FF1000FFF8AC /* FSPagerViewLayoutAttributes.swift */,
				9A73BB7A2473FF1000FFF8AC /* FSPageViewLayout.swift */,
				9A73BB7B2473FF1000FFF8AC /* FSPageControl.swift */,
				9A73BB7C2473FF1000FFF8AC /* FSPagerViewObjcCompat.m */,
				9A73BB7D2473FF1000FFF8AC /* FSPagerCollectionView.swift */,
			);
			path = FSPagerView;
			sourceTree = "<group>";
		};
		9A73F70C246AAB0C00E73966 = {
			isa = PBXGroup;
			children = (
				9A73F717246AAB0C00E73966 /* WatchFaces */,
				9A73F716246AAB0C00E73966 /* Products */,
				735823FEAFE8BC2F25BB72AD /* Pods */,
				F6C2C5BC0E356B6FB02C13FB /* Frameworks */,
			);
			sourceTree = "<group>";
		};
		9A73F716246AAB0C00E73966 /* Products */ = {
			isa = PBXGroup;
			children = (
				9A73F715246AAB0C00E73966 /* Watch Face.app */,
			);
			name = Products;
			sourceTree = "<group>";
		};
		9A73F717246AAB0C00E73966 /* WatchFaces */ = {
			isa = PBXGroup;
			children = (
				9A73BB722473FEF400FFF8AC /* Library */,
				9A2AAAEE247A0455003951DC /* StickerView.swift */,
				9AC395432472A09E0010CE65 /* LoadingOverlay.swift */,
				9A73F739246BCAB700E73966 /* Module */,
				9AC3953C24727EB50010CE65 /* Network */,
				9A73F734246BC9F200E73966 /* Extensions */,
				9A73F718246AAB0C00E73966 /* AppDelegate.swift */,
				9A73F71A246AAB0C00E73966 /* SceneDelegate.swift */,
				9A73F721246AAB0E00E73966 /* Assets.xcassets */,
				9A73F723246AAB0E00E73966 /* LaunchScreen.storyboard */,
				9A73F726246AAB0E00E73966 /* Info.plist */,
			);
			path = WatchFaces;
			sourceTree = "<group>";
		};
		9A73F734246BC9F200E73966 /* Extensions */ = {
			isa = PBXGroup;
			children = (
				9A9296BA246C49E800C410BB /* UIColor+Additions.swift */,
				9A9296BB246C49E800C410BB /* UIView+AutoLayout.swift */,
				9A9296BC246C49E800C410BB /* CGPoint+Distance.swift */,
				9A73F736246BCA0000E73966 /* StoryboardInstantiable.swift */,
				9A73F735246BCA0000E73966 /* UIView+Extension.swift */,
			);
			path = Extensions;
			sourceTree = "<group>";
		};
		9A73F739246BCAB700E73966 /* Module */ = {
			isa = PBXGroup;
			children = (
				9AA67A7C247539F5005AF4E8 /* Preview */,
				9AC39529246DA79B0010CE65 /* PieceView */,
				9A73F73D246C389F00E73966 /* Main */,
				9A73F73C246BCAEB00E73966 /* Setting */,
				9A73F73B246BCAE400E73966 /* Category */,
				9A73F73A246BCACA00E73966 /* Favorite */,
			);
			path = Module;
			sourceTree = "<group>";
		};
		9A73F73A246BCACA00E73966 /* Favorite */ = {
			isa = PBXGroup;
			children = (
				9A73F72E246B976800E73966 /* FavoriteViewController.swift */,
				9A73F744246C397F00E73966 /* Favorite.storyboard */,
			);
			path = Favorite;
			sourceTree = "<group>";
		};
		9A73F73B246BCAE400E73966 /* Category */ = {
			isa = PBXGroup;
			children = (
				9A73F730246B979900E73966 /* CategoryViewController.swift */,
				9A73F742246C397500E73966 /* Category.storyboard */,
				9AC39538247265720010CE65 /* CategoryCollectionViewCell.swift */,
				9AC3953A24727DA10010CE65 /* CategoryModel.swift */,
			);
			path = Category;
			sourceTree = "<group>";
		};
		9A73F73C246BCAEB00E73966 /* Setting */ = {
			isa = PBXGroup;
			children = (
				9A73F732246B97AE00E73966 /* SettingViewController.swift */,
				9A73F740246C396900E73966 /* Setting.storyboard */,
			);
			path = Setting;
			sourceTree = "<group>";
		};
		9A73F73D246C389F00E73966 /* Main */ = {
			isa = PBXGroup;
			children = (
				9A73F71E246AAB0C00E73966 /* Main.storyboard */,
				9A73F72C246AB6B800E73966 /* MainTabbarViewController.swift */,
			);
			path = Main;
			sourceTree = "<group>";
		};
		9A9296B3246C49E800C410BB /* PTCardTabBar */ = {
			isa = PBXGroup;
			children = (
				9A9296B4246C49E800C410BB /* Classes */,
			);
			path = PTCardTabBar;
			sourceTree = "<group>";
		};
		9A9296B4246C49E800C410BB /* Classes */ = {
			isa = PBXGroup;
			children = (
				9A9296B5246C49E800C410BB /* PTBarButton.swift */,
				9A9296B6246C49E800C410BB /* PTIndicatorView.swift */,
				9A9296B8246C49E800C410BB /* PTCardTabBar.swift */,
				9A9296BD246C49E800C410BB /* PTCardTabBarController.swift */,
			);
			path = Classes;
			sourceTree = "<group>";
		};
		9AA67A7C247539F5005AF4E8 /* Preview */ = {
			isa = PBXGroup;
			children = (
				9AA67A7D24753A12005AF4E8 /* PreviewViewController.swift */,
				9AA67A7F24753A20005AF4E8 /* Preview.storyboard */,
				9A2AAAF2247A301B003951DC /* ExportViewController.swift */,
				9A6275EC247A96190054BD51 /* PremiumViewController.swift */,
			);
			path = Preview;
			sourceTree = "<group>";
		};
		9AC39529246DA79B0010CE65 /* PieceView */ = {
			isa = PBXGroup;
			children = (
				9A9296D1246C58D000C410BB /* WatchCell.swift */,
				9A9296D3246C590100C410BB /* WatchCell.xib */,
				9AC39521246D8EF00010CE65 /* PreviewWatch.swift */,
				9AC39523246D8F060010CE65 /* PreviewWatch.xib */,
				9AC39525246DA3360010CE65 /* GridWallpaper.swift */,
				9AC39527246DA34B0010CE65 /* GridWallpaper.xib */,
				9AC3952A246DAC090010CE65 /* WallpaperCollectionViewCell.xib */,
				9AC3952C246DAC320010CE65 /* WallpaperCollectionViewCell.swift */,
				9AC3952F246DB7410010CE65 /* UnderTopView.xib */,
				9AC39531246DB7560010CE65 /* UnderTopView.swift */,
				9AC3953424713F770010CE65 /* ListWatchView.swift */,
				9A8DFFF42478D87100A0364C /* BlurView.swift */,
				9A8DFFF62478D88000A0364C /* BlurView.xib */,
				9AD27CD7247932F70027C315 /* VisualEffectView.swift */,
				9AD27CD924794D430027C315 /* ListStickerView.swift */,
				9AD27CDB24794D540027C315 /* ListStickerView.xib */,
				9AD27CDD247987A50027C315 /* StickerCollectionViewCell.swift */,
				9AD27CDE247987A50027C315 /* StickerCollectionViewCell.xib */,
			);
			path = PieceView;
			sourceTree = "<group>";
		};
		9AC3953C24727EB50010CE65 /* Network */ = {
			isa = PBXGroup;
			children = (
				9AEECB02247D879700E5A254 /* IAPHelper.swift */,
				9AC3953F24727FEA0010CE65 /* Constants.swift */,
				9AC3953D24727EC80010CE65 /* NetworkManager.swift */,
			);
			path = Network;
			sourceTree = "<group>";
		};
		F6C2C5BC0E356B6FB02C13FB /* Frameworks */ = {
			isa = PBXGroup;
			children = (
				9AEECB00247D79A600E5A254 /* StoreKit.framework */,
				810E1C32C28E1CA66AFDF920 /* Pods_WatchFaces.framework */,
			);
			name = Frameworks;
			sourceTree = "<group>";
		};
/* End PBXGroup section */

/* Begin PBXNativeTarget section */
		9A73F714246AAB0C00E73966 /* WatchFaces */ = {
			isa = PBXNativeTarget;
			buildConfigurationList = 9A73F729246AAB0E00E73966 /* Build configuration list for PBXNativeTarget "WatchFaces" */;
			buildPhases = (
				6DFA04BF00687C17DAE41AFE /* [CP] Check Pods Manifest.lock */,
				9A73F711246AAB0C00E73966 /* Sources */,
				9A73F712246AAB0C00E73966 /* Frameworks */,
				9A73F713246AAB0C00E73966 /* Resources */,
				010857759E3E726780D4D2C0 /* [CP] Embed Pods Frameworks */,
			);
			buildRules = (
			);
			dependencies = (
			);
			name = WatchFaces;
			productName = WatchFaces;
			productReference = 9A73F715246AAB0C00E73966 /* Watch Face.app */;
			productType = "com.apple.product-type.application";
		};
/* End PBXNativeTarget section */

/* Begin PBXProject section */
		9A73F70D246AAB0C00E73966 /* Project object */ = {
			isa = PBXProject;
			attributes = {
				LastSwiftUpdateCheck = 1140;
				LastUpgradeCheck = 1140;
				ORGANIZATIONNAME = "Hà Dương";
				TargetAttributes = {
					9A73F714246AAB0C00E73966 = {
						CreatedOnToolsVersion = 11.4.1;
					};
				};
			};
			buildConfigurationList = 9A73F710246AAB0C00E73966 /* Build configuration list for PBXProject "WatchFaces" */;
			compatibilityVersion = "Xcode 9.3";
			developmentRegion = en;
			hasScannedForEncodings = 0;
			knownRegions = (
				en,
				Base,
			);
			mainGroup = 9A73F70C246AAB0C00E73966;
			productRefGroup = 9A73F716246AAB0C00E73966 /* Products */;
			projectDirPath = "";
			projectRoot = "";
			targets = (
				9A73F714246AAB0C00E73966 /* WatchFaces */,
			);
		};
/* End PBXProject section */

/* Begin PBXResourcesBuildPhase section */
		9A73F713246AAB0C00E73966 /* Resources */ = {
			isa = PBXResourcesBuildPhase;
			buildActionMask = 2147483647;
			files = (
				9A73F743246C397500E73966 /* Category.storyboard in Resources */,
				9AD27CE0247987A50027C315 /* StickerCollectionViewCell.xib in Resources */,
				9A9296D4246C590100C410BB /* WatchCell.xib in Resources */,
				9AC39524246D8F060010CE65 /* PreviewWatch.xib in Resources */,
				9A73F725246AAB0E00E73966 /* LaunchScreen.storyboard in Resources */,
				9A73F745246C397F00E73966 /* Favorite.storyboard in Resources */,
				9A73F722246AAB0E00E73966 /* Assets.xcassets in Resources */,
				9A8DFFF72478D88000A0364C /* BlurView.xib in Resources */,
				9AC39530246DB7410010CE65 /* UnderTopView.xib in Resources */,
				9A73F720246AAB0C00E73966 /* Main.storyboard in Resources */,
				9A73F741246C396900E73966 /* Setting.storyboard in Resources */,
				9AD27CDC24794D540027C315 /* ListStickerView.xib in Resources */,
				9AC3952B246DAC090010CE65 /* WallpaperCollectionViewCell.xib in Resources */,
				9AC39528246DA34B0010CE65 /* GridWallpaper.xib in Resources */,
				9AA67A8024753A20005AF4E8 /* Preview.storyboard in Resources */,
			);
			runOnlyForDeploymentPostprocessing = 0;
		};
/* End PBXResourcesBuildPhase section */

/* Begin PBXShellScriptBuildPhase section */
		010857759E3E726780D4D2C0 /* [CP] Embed Pods Frameworks */ = {
			isa = PBXShellScriptBuildPhase;
			buildActionMask = 2147483647;
			files = (
			);
			inputFileListPaths = (
				"${PODS_ROOT}/Target Support Files/Pods-WatchFaces/Pods-WatchFaces-frameworks-${CONFIGURATION}-input-files.xcfilelist",
			);
			name = "[CP] Embed Pods Frameworks";
			outputFileListPaths = (
				"${PODS_ROOT}/Target Support Files/Pods-WatchFaces/Pods-WatchFaces-frameworks-${CONFIGURATION}-output-files.xcfilelist",
			);
			runOnlyForDeploymentPostprocessing = 0;
			shellPath = /bin/sh;
			shellScript = "\"${PODS_ROOT}/Target Support Files/Pods-WatchFaces/Pods-WatchFaces-frameworks.sh\"\n";
			showEnvVarsInLog = 0;
		};
		6DFA04BF00687C17DAE41AFE /* [CP] Check Pods Manifest.lock */ = {
			isa = PBXShellScriptBuildPhase;
			buildActionMask = 2147483647;
			files = (
			);
			inputFileListPaths = (
			);
			inputPaths = (
				"${PODS_PODFILE_DIR_PATH}/Podfile.lock",
				"${PODS_ROOT}/Manifest.lock",
			);
			name = "[CP] Check Pods Manifest.lock";
			outputFileListPaths = (
			);
			outputPaths = (
				"$(DERIVED_FILE_DIR)/Pods-WatchFaces-checkManifestLockResult.txt",
			);
			runOnlyForDeploymentPostprocessing = 0;
			shellPath = /bin/sh;
			shellScript = "diff \"${PODS_PODFILE_DIR_PATH}/Podfile.lock\" \"${PODS_ROOT}/Manifest.lock\" > /dev/null\nif [ $? != 0 ] ; then\n    # print error to STDERR\n    echo \"error: The sandbox is not in sync with the Podfile.lock. Run 'pod install' or update your CocoaPods installation.\" >&2\n    exit 1\nfi\n# This output is used by Xcode 'outputs' to avoid re-running this script phase.\necho \"SUCCESS\" > \"${SCRIPT_OUTPUT_FILE_0}\"\n";
			showEnvVarsInLog = 0;
		};
/* End PBXShellScriptBuildPhase section */

/* Begin PBXSourcesBuildPhase section */
		9A73F711246AAB0C00E73966 /* Sources */ = {
			isa = PBXSourcesBuildPhase;
			buildActionMask = 2147483647;
			files = (
				9A73F731246B979900E73966 /* CategoryViewController.swift in Sources */,
				9A2AAB2E247A5007003951DC /* SPAlertIconCartView.swift in Sources */,
				9AC39532246DB7560010CE65 /* UnderTopView.swift in Sources */,
				9A2AAB26247A5007003951DC /* SPAlertIconExclamationView.swift in Sources */,
				9AEECB03247D879700E5A254 /* IAPHelper.swift in Sources */,
				9A2AAB30247A5007003951DC /* SPAlertIconRepeatView.swift in Sources */,
				9A2AAAF3247A301B003951DC /* ExportViewController.swift in Sources */,
				9A73BB842473FF1000FFF8AC /* FSPagerViewObjcCompat.m in Sources */,
				9A2AAB23247A5007003951DC /* SPAlertIconLikeView.swift in Sources */,
				9A9296D2246C58D000C410BB /* WatchCell.swift in Sources */,
				9A2AAB17247A5007003951DC /* SPAlertHaptic.swift in Sources */,
				9A8DFFF52478D87100A0364C /* BlurView.swift in Sources */,
				9A9296C4246C49E800C410BB /* UIColor+Additions.swift in Sources */,
				9A73F737246BCA0000E73966 /* UIView+Extension.swift in Sources */,
				9A73BB832473FF1000FFF8AC /* FSPageControl.swift in Sources */,
				9A2AAB31247A5007003951DC /* SPAlertIconMoonView.swift in Sources */,
				9A9296C6246C49E800C410BB /* CGPoint+Distance.swift in Sources */,
				9A2AAB29247A5007003951DC /* SPAlertIconBookmarkView.swift in Sources */,
				9AC3953B24727DA20010CE65 /* CategoryModel.swift in Sources */,
				9AC3952D246DAC320010CE65 /* WallpaperCollectionViewCell.swift in Sources */,
				9A2AAB2F247A5007003951DC /* SPAlertIconDoneView.swift in Sources */,
				9A2AAB19247A5007003951DC /* SPAlertIconAnimatable.swift in Sources */,
				9A9296C5246C49E800C410BB /* UIView+AutoLayout.swift in Sources */,
				9AC39539247265720010CE65 /* CategoryCollectionViewCell.swift in Sources */,
				9AC39522246D8EF00010CE65 /* PreviewWatch.swift in Sources */,
				9A9296C7246C49E800C410BB /* PTCardTabBarController.swift in Sources */,
				9A2AAB1A247A5007003951DC /* SPAlertView.swift in Sources */,
				9A2AAB16247A5007003951DC /* SPAlertPreset.swift in Sources */,
				9A73BB822473FF1000FFF8AC /* FSPageViewLayout.swift in Sources */,
				9A2AAAEF247A0455003951DC /* StickerView.swift in Sources */,
				9AC3953E24727EC80010CE65 /* NetworkManager.swift in Sources */,
				9A2AAB28247A5007003951DC /* SPAlertIconDislikeView.swift in Sources */,
				9AD27CD8247932F70027C315 /* VisualEffectView.swift in Sources */,
				9A2AAB1D247A5007003951DC /* SPAlertIconAddView.swift in Sources */,
				9A73F72D246AB6B800E73966 /* MainTabbarViewController.swift in Sources */,
				9A2AAB27247A5007003951DC /* SPAlertIconMessageView.swift in Sources */,
				9A73F719246AAB0C00E73966 /* AppDelegate.swift in Sources */,
				9A9296C1246C49E800C410BB /* PTIndicatorView.swift in Sources */,
				9A73F72F246B976800E73966 /* FavoriteViewController.swift in Sources */,
				9AD27CDF247987A50027C315 /* StickerCollectionViewCell.swift in Sources */,
				9AC395442472A09E0010CE65 /* LoadingOverlay.swift in Sources */,
				9A73F71B246AAB0C00E73966 /* SceneDelegate.swift in Sources */,
				9A2AAB18247A5007003951DC /* SPAlertLayout.swift in Sources */,
				9A2AAB2D247A5007003951DC /* SPAlertIconPrivacyView.swift in Sources */,
				9A2AAB32247A5007003951DC /* SPAlert.swift in Sources */,
				9A2AAB20247A5007003951DC /* SPAlertIconSearchView.swift in Sources */,
				9AC3953524713F770010CE65 /* ListWatchView.swift in Sources */,
				9AC3954024727FEA0010CE65 /* Constants.swift in Sources */,
				9A2AAB1B247A5007003951DC /* SPAlertIconBoltView.swift in Sources */,
				9A2AAB22247A5007003951DC /* SPAlertIconCardView.swift in Sources */,
				9A2AAB1E247A5007003951DC /* SPAlertIconHeartView.swift in Sources */,
				9A2AAB1C247A5007003951DC /* SPAlertIconEjectView.swift in Sources */,
				9A2AAB2A247A5007003951DC /* SPAlertIconFlagView.swift in Sources */,
				9A73BB802473FF1000FFF8AC /* FSPagerViewCell.swift in Sources */,
				9A73BB812473FF1000FFF8AC /* FSPagerViewLayoutAttributes.swift in Sources */,
				9A9296C3246C49E800C410BB /* PTCardTabBar.swift in Sources */,
				9A73BB852473FF1000FFF8AC /* FSPagerCollectionView.swift in Sources */,
				9AD27CDA24794D430027C315 /* ListStickerView.swift in Sources */,
				9A2AAB21247A5007003951DC /* SPAlertIconStarView.swift in Sources */,
				9A2AAB2B247A5007003951DC /* SPAlertIconRotateView.swift in Sources */,
				9A73BB7F2473FF1000FFF8AC /* FSPageViewTransformer.swift in Sources */,
				9A6275ED247A96190054BD51 /* PremiumViewController.swift in Sources */,
				9A2AAB24247A5007003951DC /* SPAlertIconErrorView.swift in Sources */,
				9AC39526246DA3360010CE65 /* GridWallpaper.swift in Sources */,
				9A2AAB1F247A5007003951DC /* SPAlertIconShuffleView.swift in Sources */,
				9A73BB7E2473FF1000FFF8AC /* FSPagerView.swift in Sources */,
				9A2AAB25247A5007003951DC /* SPAlertIconQuestionView.swift in Sources */,
				9A73F738246BCA0000E73966 /* StoryboardInstantiable.swift in Sources */,
				9A2AAB2C247A5007003951DC /* SPAlertIconDocView.swift in Sources */,
				9A73F733246B97AE00E73966 /* SettingViewController.swift in Sources */,
				9A9296C0246C49E800C410BB /* PTBarButton.swift in Sources */,
				9AA67A7E24753A12005AF4E8 /* PreviewViewController.swift in Sources */,
			);
			runOnlyForDeploymentPostprocessing = 0;
		};
/* End PBXSourcesBuildPhase section */

/* Begin PBXVariantGroup section */
		9A73F71E246AAB0C00E73966 /* Main.storyboard */ = {
			isa = PBXVariantGroup;
			children = (
				9A73F71F246AAB0C00E73966 /* Base */,
			);
			name = Main.storyboard;
			sourceTree = "<group>";
		};
		9A73F723246AAB0E00E73966 /* LaunchScreen.storyboard */ = {
			isa = PBXVariantGroup;
			children = (
				9A73F724246AAB0E00E73966 /* Base */,
			);
			name = LaunchScreen.storyboard;
			sourceTree = "<group>";
		};
/* End PBXVariantGroup section */

/* Begin XCBuildConfiguration section */
		9A73F727246AAB0E00E73966 /* Debug */ = {
			isa = XCBuildConfiguration;
			buildSettings = {
				ALWAYS_SEARCH_USER_PATHS = NO;
				CLANG_ANALYZER_NONNULL = YES;
				CLANG_ANALYZER_NUMBER_OBJECT_CONVERSION = YES_AGGRESSIVE;
				CLANG_CXX_LANGUAGE_STANDARD = "gnu++14";
				CLANG_CXX_LIBRARY = "libc++";
				CLANG_ENABLE_MODULES = YES;
				CLANG_ENABLE_OBJC_ARC = YES;
				CLANG_ENABLE_OBJC_WEAK = YES;
				CLANG_WARN_BLOCK_CAPTURE_AUTORELEASING = YES;
				CLANG_WARN_BOOL_CONVERSION = YES;
				CLANG_WARN_COMMA = YES;
				CLANG_WARN_CONSTANT_CONVERSION = YES;
				CLANG_WARN_DEPRECATED_OBJC_IMPLEMENTATIONS = YES;
				CLANG_WARN_DIRECT_OBJC_ISA_USAGE = YES_ERROR;
				CLANG_WARN_DOCUMENTATION_COMMENTS = YES;
				CLANG_WARN_EMPTY_BODY = YES;
				CLANG_WARN_ENUM_CONVERSION = YES;
				CLANG_WARN_INFINITE_RECURSION = YES;
				CLANG_WARN_INT_CONVERSION = YES;
				CLANG_WARN_NON_LITERAL_NULL_CONVERSION = YES;
				CLANG_WARN_OBJC_IMPLICIT_RETAIN_SELF = YES;
				CLANG_WARN_OBJC_LITERAL_CONVERSION = YES;
				CLANG_WARN_OBJC_ROOT_CLASS = YES_ERROR;
				CLANG_WARN_RANGE_LOOP_ANALYSIS = YES;
				CLANG_WARN_STRICT_PROTOTYPES = YES;
				CLANG_WARN_SUSPICIOUS_MOVE = YES;
				CLANG_WARN_UNGUARDED_AVAILABILITY = YES_AGGRESSIVE;
				CLANG_WARN_UNREACHABLE_CODE = YES;
				CLANG_WARN__DUPLICATE_METHOD_MATCH = YES;
				COPY_PHASE_STRIP = NO;
				DEBUG_INFORMATION_FORMAT = dwarf;
				ENABLE_STRICT_OBJC_MSGSEND = YES;
				ENABLE_TESTABILITY = YES;
				GCC_C_LANGUAGE_STANDARD = gnu11;
				GCC_DYNAMIC_NO_PIC = NO;
				GCC_NO_COMMON_BLOCKS = YES;
				GCC_OPTIMIZATION_LEVEL = 0;
				GCC_PREPROCESSOR_DEFINITIONS = (
					"DEBUG=1",
					"$(inherited)",
				);
				GCC_WARN_64_TO_32_BIT_CONVERSION = YES;
				GCC_WARN_ABOUT_RETURN_TYPE = YES_ERROR;
				GCC_WARN_UNDECLARED_SELECTOR = YES;
				GCC_WARN_UNINITIALIZED_AUTOS = YES_AGGRESSIVE;
				GCC_WARN_UNUSED_FUNCTION = YES;
				GCC_WARN_UNUSED_VARIABLE = YES;
				IPHONEOS_DEPLOYMENT_TARGET = 13.4;
				MTL_ENABLE_DEBUG_INFO = INCLUDE_SOURCE;
				MTL_FAST_MATH = YES;
				ONLY_ACTIVE_ARCH = YES;
				SDKROOT = iphoneos;
				SWIFT_ACTIVE_COMPILATION_CONDITIONS = DEBUG;
				SWIFT_OPTIMIZATION_LEVEL = "-Onone";
			};
			name = Debug;
		};
		9A73F728246AAB0E00E73966 /* Release */ = {
			isa = XCBuildConfiguration;
			buildSettings = {
				ALWAYS_SEARCH_USER_PATHS = NO;
				CLANG_ANALYZER_NONNULL = YES;
				CLANG_ANALYZER_NUMBER_OBJECT_CONVERSION = YES_AGGRESSIVE;
				CLANG_CXX_LANGUAGE_STANDARD = "gnu++14";
				CLANG_CXX_LIBRARY = "libc++";
				CLANG_ENABLE_MODULES = YES;
				CLANG_ENABLE_OBJC_ARC = YES;
				CLANG_ENABLE_OBJC_WEAK = YES;
				CLANG_WARN_BLOCK_CAPTURE_AUTORELEASING = YES;
				CLANG_WARN_BOOL_CONVERSION = YES;
				CLANG_WARN_COMMA = YES;
				CLANG_WARN_CONSTANT_CONVERSION = YES;
				CLANG_WARN_DEPRECATED_OBJC_IMPLEMENTATIONS = YES;
				CLANG_WARN_DIRECT_OBJC_ISA_USAGE = YES_ERROR;
				CLANG_WARN_DOCUMENTATION_COMMENTS = YES;
				CLANG_WARN_EMPTY_BODY = YES;
				CLANG_WARN_ENUM_CONVERSION = YES;
				CLANG_WARN_INFINITE_RECURSION = YES;
				CLANG_WARN_INT_CONVERSION = YES;
				CLANG_WARN_NON_LITERAL_NULL_CONVERSION = YES;
				CLANG_WARN_OBJC_IMPLICIT_RETAIN_SELF = YES;
				CLANG_WARN_OBJC_LITERAL_CONVERSION = YES;
				CLANG_WARN_OBJC_ROOT_CLASS = YES_ERROR;
				CLANG_WARN_RANGE_LOOP_ANALYSIS = YES;
				CLANG_WARN_STRICT_PROTOTYPES = YES;
				CLANG_WARN_SUSPICIOUS_MOVE = YES;
				CLANG_WARN_UNGUARDED_AVAILABILITY = YES_AGGRESSIVE;
				CLANG_WARN_UNREACHABLE_CODE = YES;
				CLANG_WARN__DUPLICATE_METHOD_MATCH = YES;
				COPY_PHASE_STRIP = NO;
				DEBUG_INFORMATION_FORMAT = "dwarf-with-dsym";
				ENABLE_NS_ASSERTIONS = NO;
				ENABLE_STRICT_OBJC_MSGSEND = YES;
				GCC_C_LANGUAGE_STANDARD = gnu11;
				GCC_NO_COMMON_BLOCKS = YES;
				GCC_WARN_64_TO_32_BIT_CONVERSION = YES;
				GCC_WARN_ABOUT_RETURN_TYPE = YES_ERROR;
				GCC_WARN_UNDECLARED_SELECTOR = YES;
				GCC_WARN_UNINITIALIZED_AUTOS = YES_AGGRESSIVE;
				GCC_WARN_UNUSED_FUNCTION = YES;
				GCC_WARN_UNUSED_VARIABLE = YES;
				IPHONEOS_DEPLOYMENT_TARGET = 13.4;
				MTL_ENABLE_DEBUG_INFO = NO;
				MTL_FAST_MATH = YES;
				SDKROOT = iphoneos;
				SWIFT_COMPILATION_MODE = wholemodule;
				SWIFT_OPTIMIZATION_LEVEL = "-O";
				VALIDATE_PRODUCT = YES;
			};
			name = Release;
		};
		9A73F72A246AAB0E00E73966 /* Debug */ = {
			isa = XCBuildConfiguration;
			baseConfigurationReference = 5E111E5302CE034CF7C9ABDC /* Pods-WatchFaces.debug.xcconfig */;
			buildSettings = {
				ASSETCATALOG_COMPILER_APPICON_NAME = AppIcon;
				CODE_SIGN_IDENTITY = "iPhone Distribution";
				CODE_SIGN_STYLE = Manual;
				CURRENT_PROJECT_VERSION = 100;
				DEVELOPMENT_TEAM = 374Z27ML26;
				INFOPLIST_FILE = WatchFaces/Info.plist;
				IPHONEOS_DEPLOYMENT_TARGET = 11.0;
				LD_RUNPATH_SEARCH_PATHS = (
					"$(inherited)",
					"@executable_path/Frameworks",
				);
				PRODUCT_BUNDLE_IDENTIFIER = com.prox.watchWallpaper;
				PRODUCT_NAME = "Watch Face";
				PROVISIONING_PROFILE_SPECIFIER = "Watch wallpaper Store";
				SWIFT_VERSION = 5.0;
				TARGETED_DEVICE_FAMILY = "1,2";
			};
			name = Debug;
		};
		9A73F72B246AAB0E00E73966 /* Release */ = {
			isa = XCBuildConfiguration;
			baseConfigurationReference = 26F36CD2E18E3FCFA5475318 /* Pods-WatchFaces.release.xcconfig */;
			buildSettings = {
				ASSETCATALOG_COMPILER_APPICON_NAME = AppIcon;
				CODE_SIGN_IDENTITY = "iPhone Distribution";
				CODE_SIGN_STYLE = Manual;
				CURRENT_PROJECT_VERSION = 100;
				DEVELOPMENT_TEAM = 374Z27ML26;
				INFOPLIST_FILE = WatchFaces/Info.plist;
				IPHONEOS_DEPLOYMENT_TARGET = 11.0;
				LD_RUNPATH_SEARCH_PATHS = (
					"$(inherited)",
					"@executable_path/Frameworks",
				);
				PRODUCT_BUNDLE_IDENTIFIER = com.prox.watchWallpaper;
				PRODUCT_NAME = "Watch Face";
				PROVISIONING_PROFILE_SPECIFIER = "Watch wallpaper Store";
				SWIFT_VERSION = 5.0;
				TARGETED_DEVICE_FAMILY = "1,2";
			};
			name = Release;
		};
/* End XCBuildConfiguration section */

/* Begin XCConfigurationList section */
		9A73F710246AAB0C00E73966 /* Build configuration list for PBXProject "WatchFaces" */ = {
			isa = XCConfigurationList;
			buildConfigurations = (
				9A73F727246AAB0E00E73966 /* Debug */,
				9A73F728246AAB0E00E73966 /* Release */,
			);
			defaultConfigurationIsVisible = 0;
			defaultConfigurationName = Release;
		};
		9A73F729246AAB0E00E73966 /* Build configuration list for PBXNativeTarget "WatchFaces" */ = {
			isa = XCConfigurationList;
			buildConfigurations = (
				9A73F72A246AAB0E00E73966 /* Debug */,
				9A73F72B246AAB0E00E73966 /* Release */,
			);
			defaultConfigurationIsVisible = 0;
			defaultConfigurationName = Release;
		};
/* End XCConfigurationList section */
	};
	rootObject = 9A73F70D246AAB0C00E73966 /* Project object */;
}
